
Microsoft Visual Studio Solution File, Format Version 12.00
# Visual Studio Version 17
VisualStudioVersion = 17.5.33414.496
MinimumVisualStudioVersion = 10.0.40219.1
Project("{FAE04EC0-301F-11D3-BF4B-00C04F79EFBC}") = "Input", "Input\Input.csproj", "{21882AFA-4E7F-4E6F-83F7-99D78DE18E49}"
EndProject
Global
	GlobalSection(SolutionConfigurationPlatforms) = preSolution
		Debug|Any CPU = Debug|Any CPU
		Release|Any CPU = Release|Any CPU
	EndGlobalSection
	GlobalSection(ProjectConfigurationPlatforms) = postSolution
		{21882AFA-4E7F-4E6F-83F7-99D78DE18E49}.Debug|Any CPU.ActiveCfg = Debug|Any CPU
		{21882AFA-4E7F-4E6F-83F7-99D78DE18E49}.Debug|Any CPU.Build.0 = Debug|Any CPU
		{21882AFA-4E7F-4E6F-83F7-99D78DE18E49}.Release|Any CPU.ActiveCfg = Release|Any CPU
		{21882AFA-4E7F-4E6F-83F7-99D78DE18E49}.Release|Any CPU.Build.0 = Release|Any CPU
	EndGlobalSection
	GlobalSection(SolutionProperties) = preSolution
		HideSolutionNode = FALSE
	EndGlobalSection
	GlobalSection(ExtensibilityGlobals) = postSolution
		SolutionGuid = {05194612-BD90-4AD6-9609-64C6C551337E}
	EndGlobalSection
EndGlobal
