
Microsoft Visual Studio Solution File, Format Version 12.00
# Visual Studio Version 17
VisualStudioVersion = 17.5.33414.496
MinimumVisualStudioVersion = 10.0.40219.1
Project("{FAE04EC0-301F-11D3-BF4B-00C04F79EFBC}") = "Precedence", "Precedence\Precedence.csproj", "{7EA4837A-608E-4616-B520-36F3C338A432}"
EndProject
Global
	GlobalSection(SolutionConfigurationPlatforms) = preSolution
		Debug|Any CPU = Debug|Any CPU
		Release|Any CPU = Release|Any CPU
	EndGlobalSection
	GlobalSection(ProjectConfigurationPlatforms) = postSolution
		{7EA4837A-608E-4616-B520-36F3C338A432}.Debug|Any CPU.ActiveCfg = Debug|Any CPU
		{7EA4837A-608E-4616-B520-36F3C338A432}.Debug|Any CPU.Build.0 = Debug|Any CPU
		{7EA4837A-608E-4616-B520-36F3C338A432}.Release|Any CPU.ActiveCfg = Release|Any CPU
		{7EA4837A-608E-4616-B520-36F3C338A432}.Release|Any CPU.Build.0 = Release|Any CPU
	EndGlobalSection
	GlobalSection(SolutionProperties) = preSolution
		HideSolutionNode = FALSE
	EndGlobalSection
	GlobalSection(ExtensibilityGlobals) = postSolution
		SolutionGuid = {E2FACC68-6C05-4D05-94D4-A0F91D47F05D}
	EndGlobalSection
EndGlobal
