
Microsoft Visual Studio Solution File, Format Version 12.00
# Visual Studio Version 17
VisualStudioVersion = 17.5.33414.496
MinimumVisualStudioVersion = 10.0.40219.1
Project("{FAE04EC0-301F-11D3-BF4B-00C04F79EFBC}") = "KeyValue", "KeyValue\KeyValue.csproj", "{361C38FF-78DE-4E50-9155-05B52DE213AD}"
EndProject
Global
	GlobalSection(SolutionConfigurationPlatforms) = preSolution
		Debug|Any CPU = Debug|Any CPU
		Release|Any CPU = Release|Any CPU
	EndGlobalSection
	GlobalSection(ProjectConfigurationPlatforms) = postSolution
		{361C38FF-78DE-4E50-9155-05B52DE213AD}.Debug|Any CPU.ActiveCfg = Debug|Any CPU
		{361C38FF-78DE-4E50-9155-05B52DE213AD}.Debug|Any CPU.Build.0 = Debug|Any CPU
		{361C38FF-78DE-4E50-9155-05B52DE213AD}.Release|Any CPU.ActiveCfg = Release|Any CPU
		{361C38FF-78DE-4E50-9155-05B52DE213AD}.Release|Any CPU.Build.0 = Release|Any CPU
	EndGlobalSection
	GlobalSection(SolutionProperties) = preSolution
		HideSolutionNode = FALSE
	EndGlobalSection
	GlobalSection(ExtensibilityGlobals) = postSolution
		SolutionGuid = {C1DD5CA5-7866-4A07-9443-DEBE9CA67E3F}
	EndGlobalSection
EndGlobal
