
Microsoft Visual Studio Solution File, Format Version 12.00
# Visual Studio Version 17
VisualStudioVersion = 17.5.33414.496
MinimumVisualStudioVersion = 10.0.40219.1
Project("{FAE04EC0-301F-11D3-BF4B-00C04F79EFBC}") = "Variables", "Variables\Variables.csproj", "{BAFA1303-37D7-49ED-98A1-B61BABE31158}"
EndProject
Global
	GlobalSection(SolutionConfigurationPlatforms) = preSolution
		Debug|Any CPU = Debug|Any CPU
		Release|Any CPU = Release|Any CPU
	EndGlobalSection
	GlobalSection(ProjectConfigurationPlatforms) = postSolution
		{BAFA1303-37D7-49ED-98A1-B61BABE31158}.Debug|Any CPU.ActiveCfg = Debug|Any CPU
		{BAFA1303-37D7-49ED-98A1-B61BABE31158}.Debug|Any CPU.Build.0 = Debug|Any CPU
		{BAFA1303-37D7-49ED-98A1-B61BABE31158}.Release|Any CPU.ActiveCfg = Release|Any CPU
		{BAFA1303-37D7-49ED-98A1-B61BABE31158}.Release|Any CPU.Build.0 = Release|Any CPU
	EndGlobalSection
	GlobalSection(SolutionProperties) = preSolution
		HideSolutionNode = FALSE
	EndGlobalSection
	GlobalSection(ExtensibilityGlobals) = postSolution
		SolutionGuid = {D13E088B-C68E-48C7-826B-AEEC38F06E4C}
	EndGlobalSection
EndGlobal
