
Microsoft Visual Studio Solution File, Format Version 12.00
# Visual Studio Version 17
VisualStudioVersion = 17.5.33414.496
MinimumVisualStudioVersion = 10.0.40219.1
Project("{FAE04EC0-301F-11D3-BF4B-00C04F79EFBC}") = "Logic", "Logic\Logic.csproj", "{BEC3647C-96CA-4D58-B213-D638ECA77EED}"
EndProject
Global
	GlobalSection(SolutionConfigurationPlatforms) = preSolution
		Debug|Any CPU = Debug|Any CPU
		Release|Any CPU = Release|Any CPU
	EndGlobalSection
	GlobalSection(ProjectConfigurationPlatforms) = postSolution
		{BEC3647C-96CA-4D58-B213-D638ECA77EED}.Debug|Any CPU.ActiveCfg = Debug|Any CPU
		{BEC3647C-96CA-4D58-B213-D638ECA77EED}.Debug|Any CPU.Build.0 = Debug|Any CPU
		{BEC3647C-96CA-4D58-B213-D638ECA77EED}.Release|Any CPU.ActiveCfg = Release|Any CPU
		{BEC3647C-96CA-4D58-B213-D638ECA77EED}.Release|Any CPU.Build.0 = Release|Any CPU
	EndGlobalSection
	GlobalSection(SolutionProperties) = preSolution
		HideSolutionNode = FALSE
	EndGlobalSection
	GlobalSection(ExtensibilityGlobals) = postSolution
		SolutionGuid = {5B804D0D-2523-439A-9BB8-B669FD040310}
	EndGlobalSection
EndGlobal
